PODS:
  - Charts (3.6.0):
    - Charts/Core (= 3.6.0)
  - Charts/Core (3.6.0)
  - RxCocoa (6.1.0):
    - RxRelay (= 6.1.0)
    - RxSwift (= 6.1.0)
  - RxRelay (6.1.0):
    - RxSwift (= 6.1.0)
  - RxSwift (6.1.0)

DEPENDENCIES:
  - Charts
  - RxCocoa
  - RxSwift

SPEC REPOS:
  trunk:
    - Charts
    - RxCocoa
    - RxRelay
    - RxSwift

SPEC CHECKSUMS:
  Charts: b1e3a1f5a1c9ba5394438ca3b91bd8c9076310af
  RxCocoa: 5c51f02d562cbd94629f6c26cf0c80fe4ab8d343
  RxRelay: 483e1a19fad961b41f0b0c0bee506f46c1ae14fe
  RxSwift: a834e5c538e89eca0cae86f403f4fbf0336786ce

PODFILE CHECKSUM: d54c8b461c8a98bac68d4a8f11121d189d9d6a20

COCOAPODS: 1.10.1
